
Microsoft Visual Studio Solution File, Format Version 12.00
# Visual Studio Version 17
VisualStudioVersion = 17.13.35919.96 d17.13
MinimumVisualStudioVersion = 10.0.40219.1
Project("{FAE04EC0-301F-11D3-BF4B-00C04F79EFBC}") = "Unidad3UniPiloto", "Unidad3UniPiloto.csproj", "{AADDDEE1-29E3-4A88-8157-4C2EAE581016}"
EndProject
Global
	GlobalSection(SolutionConfigurationPlatforms) = preSolution
		Debug|Any CPU = Debug|Any CPU
		Release|Any CPU = Release|Any CPU
	EndGlobalSection
	GlobalSection(ProjectConfigurationPlatforms) = postSolution
		{AADDDEE1-29E3-4A88-8157-4C2EAE581016}.Debug|Any CPU.ActiveCfg = Debug|Any CPU
		{AADDDEE1-29E3-4A88-8157-4C2EAE581016}.Debug|Any CPU.Build.0 = Debug|Any CPU
		{AADDDEE1-29E3-4A88-8157-4C2EAE581016}.Release|Any CPU.ActiveCfg = Release|Any CPU
		{AADDDEE1-29E3-4A88-8157-4C2EAE581016}.Release|Any CPU.Build.0 = Release|Any CPU
	EndGlobalSection
	GlobalSection(SolutionProperties) = preSolution
		HideSolutionNode = FALSE
	EndGlobalSection
	GlobalSection(ExtensibilityGlobals) = postSolution
		SolutionGuid = {B656818D-F49B-4A39-B921-4B5A0742ED58}
	EndGlobalSection
EndGlobal
